{
  "name": "@vcangel/create-webpack-app",
  "version": "1.0.5",
  "lockfileVersion": 2,
  "requires": true,
  "packages": {
    "": {
      "name": "@vcangel/create-webpack-app",
      "version": "1.0.5",
      "license": "MIT",
      "bin": {
        "create-webpack-app": ".bin/cli.js"
      }
    }
  }
}
